{
  "object": {
    "pins": [
      {
        "package": "UtilityBelt",
        "repositoryURL": "https://github.com/spothero/UtilityBelt-iOS",
        "state": {
          "branch": null,
          "revision": "5f78864ecff898a46004bdfed2401ab6d9e77163",
          "version": "0.8.0"
        }
      }
    ]
  },
  "version": 1
}
