{
  "object": {
    "pins": [
      {
        "package": "UtilityBelt",
        "repositoryURL": "https://github.com/spothero/UtilityBelt-iOS",
        "state": {
          "branch": null,
          "revision": "d8784a32ae7f73b61fc606c662fdd9bbd21964f5",
          "version": "0.12.0"
        }
      }
    ]
  },
  "version": 1
}
