{
  "object": {
    "pins": [
      {
        "package": "UtilityBelt",
        "repositoryURL": "https://github.com/spothero/UtilityBelt-iOS",
        "state": {
          "branch": null,
          "revision": "8ecef19cd31de27f1f38bc4f13ae4b0b77787206",
          "version": "0.11.0"
        }
      }
    ]
  },
  "version": 1
}
