{
  "object": {
    "pins": [
      {
        "package": "UtilityBelt",
        "repositoryURL": "https://github.com/spothero/UtilityBelt-iOS",
        "state": {
          "branch": null,
          "revision": "364af7d8246ee7a99d460926426e4e659bf23806",
          "version": "0.14.0"
        }
      }
    ]
  },
  "version": 1
}
