{
  "object": {
    "pins": [
      {
        "package": "UtilityBelt",
        "repositoryURL": "https://github.com/spothero/UtilityBelt-iOS",
        "state": {
          "branch": "search-v2",
          "revision": "d6fe810565feef2fe07f76eea48fb21e9a23f96e",
          "version": null
        }
      }
    ]
  },
  "version": 1
}
