{
  "object": {
    "pins": [
      {
        "package": "UtilityBelt",
        "repositoryURL": "https://github.com/spothero/UtilityBelt-iOS",
        "state": {
          "branch": null,
          "revision": "490a04af1f2b93360c162aa19cbbf209c5394f08",
          "version": "0.5.10"
        }
      }
    ]
  },
  "version": 1
}
